// !$*UTF8*$!
{
	archiveVersion = 1;
	classes = {
	};
	objectVersion = 46;
	objects = {

/* Begin PBXBuildFile section */
		301E47F91B42F73B00681A61 /* cartoon.ttf in Resources */ = {isa = PBXBuildFile; fileRef = 301E47F81B42F73B00681A61 /* cartoon.ttf */; };
		30E933261B3C060600DD9D0F /* gulp.m4a in Resources */ = {isa = PBXBuildFile; fileRef = 30E933251B3C060600DD9D0F /* gulp.m4a */; };
		90BA191C1B45958800D57CB3 /* Images.xcassets in Resources */ = {isa = PBXBuildFile; fileRef = D44BE3161B39E2A8000BAA1F /* Images.xcassets */; };
		90BA191D1B45958A00D57CB3 /* Images.xcassets in Resources */ = {isa = PBXBuildFile; fileRef = D44BE3161B39E2A8000BAA1F /* Images.xcassets */; };
		90BA19201B45A69C00D57CB3 /* GameKit.framework in Frameworks */ = {isa = PBXBuildFile; fileRef = 90BA191F1B45A69C00D57CB3 /* GameKit.framework */; };
		C010ECD21B3CED9C00151101 /* MenuScene.swift in Sources */ = {isa = PBXBuildFile; fileRef = C010ECD11B3CED9C00151101 /* MenuScene.swift */; };
		C028FE931B3CE454000E37E9 /* GameOverScene.swift in Sources */ = {isa = PBXBuildFile; fileRef = C028FE921B3CE454000E37E9 /* GameOverScene.swift */; };
		C028FE951B3CE481000E37E9 /* HowToPlayScene.swift in Sources */ = {isa = PBXBuildFile; fileRef = C028FE941B3CE481000E37E9 /* HowToPlayScene.swift */; };
		C028FE971B3CE4B4000E37E9 /* ScoreScene.swift in Sources */ = {isa = PBXBuildFile; fileRef = C028FE961B3CE4B4000E37E9 /* ScoreScene.swift */; };
		C0C2F15F1B42D88600234065 /* InterfaceController.swift in Sources */ = {isa = PBXBuildFile; fileRef = C0C2F15E1B42D88600234065 /* InterfaceController.swift */; };
		C0C2F1611B42D88600234065 /* NotificationController.swift in Sources */ = {isa = PBXBuildFile; fileRef = C0C2F1601B42D88600234065 /* NotificationController.swift */; };
		C0C2F1631B42D88600234065 /* GlanceController.swift in Sources */ = {isa = PBXBuildFile; fileRef = C0C2F1621B42D88600234065 /* GlanceController.swift */; };
		C0C2F1651B42D88600234065 /* Images.xcassets in Resources */ = {isa = PBXBuildFile; fileRef = C0C2F1641B42D88600234065 /* Images.xcassets */; };
		C0C2F1691B42D88600234065 /* ChompEm WatchKit App.app in Resources */ = {isa = PBXBuildFile; fileRef = C0C2F1681B42D88600234065 /* ChompEm WatchKit App.app */; };
		C0C2F1711B42D88600234065 /* Interface.storyboard in Resources */ = {isa = PBXBuildFile; fileRef = C0C2F16F1B42D88600234065 /* Interface.storyboard */; };
		C0C2F1731B42D88600234065 /* Images.xcassets in Resources */ = {isa = PBXBuildFile; fileRef = C0C2F1721B42D88600234065 /* Images.xcassets */; };
		C0C2F1761B42D88600234065 /* ChompEm WatchKit Extension.appex in Embed App Extensions */ = {isa = PBXBuildFile; fileRef = C0C2F1591B42D88600234065 /* ChompEm WatchKit Extension.appex */; settings = {ATTRIBUTES = (RemoveHeadersOnCopy, ); }; };
		D407E60C1B430A4C002EB9AA /* amoebaLaranja.atlas in Resources */ = {isa = PBXBuildFile; fileRef = D407E6091B430A4C002EB9AA /* amoebaLaranja.atlas */; };
		D407E60D1B430A4C002EB9AA /* amoebaVerde.atlas in Resources */ = {isa = PBXBuildFile; fileRef = D407E60A1B430A4C002EB9AA /* amoebaVerde.atlas */; };
		D407E60E1B430A4C002EB9AA /* amoebaVioleta.atlas in Resources */ = {isa = PBXBuildFile; fileRef = D407E60B1B430A4C002EB9AA /* amoebaVioleta.atlas */; };
		D407E6121B430DEF002EB9AA /* amoebaLaranjaBoca.atlas in Resources */ = {isa = PBXBuildFile; fileRef = D407E60F1B430DEF002EB9AA /* amoebaLaranjaBoca.atlas */; };
		D407E6131B430DEF002EB9AA /* amoebaVerdeBoca.atlas in Resources */ = {isa = PBXBuildFile; fileRef = D407E6101B430DEF002EB9AA /* amoebaVerdeBoca.atlas */; };
		D407E6141B430DEF002EB9AA /* amoebaVioletaBoca.atlas in Resources */ = {isa = PBXBuildFile; fileRef = D407E6111B430DEF002EB9AA /* amoebaVioletaBoca.atlas */; };
		D44BE3151B3873A1000BAA1F /* dubstep.mp3 in Resources */ = {isa = PBXBuildFile; fileRef = D44BE3141B3873A1000BAA1F /* dubstep.mp3 */; };
		D44BE3171B39E2A8000BAA1F /* Images.xcassets in Resources */ = {isa = PBXBuildFile; fileRef = D44BE3161B39E2A8000BAA1F /* Images.xcassets */; };
		D455F6CE1B3DC7E800A888DD /* amoebaFeiaAmarela.atlas in Resources */ = {isa = PBXBuildFile; fileRef = D455F6CB1B3DC7E800A888DD /* amoebaFeiaAmarela.atlas */; };
		D455F6CF1B3DC7E800A888DD /* amoebaFeiaAzul.atlas in Resources */ = {isa = PBXBuildFile; fileRef = D455F6CC1B3DC7E800A888DD /* amoebaFeiaAzul.atlas */; };
		D455F6D01B3DC7E800A888DD /* amoebaFeiaVermelha.atlas in Resources */ = {isa = PBXBuildFile; fileRef = D455F6CD1B3DC7E800A888DD /* amoebaFeiaVermelha.atlas */; };
		D4772ABA1B444E6B00E184CC /* amoebaLaranjaHit.atlas in Resources */ = {isa = PBXBuildFile; fileRef = D4772AB71B444E6B00E184CC /* amoebaLaranjaHit.atlas */; };
		D4772ABB1B444E6B00E184CC /* amoebaVerdeHit.atlas in Resources */ = {isa = PBXBuildFile; fileRef = D4772AB81B444E6B00E184CC /* amoebaVerdeHit.atlas */; };
		D4772ABC1B444E6B00E184CC /* amoebaVioletaHit.atlas in Resources */ = {isa = PBXBuildFile; fileRef = D4772AB91B444E6B00E184CC /* amoebaVioletaHit.atlas */; };
		D4B9BCEA1B31E811009940A6 /* AppDelegate.swift in Sources */ = {isa = PBXBuildFile; fileRef = D4B9BCE91B31E811009940A6 /* AppDelegate.swift */; };
		D4B9BCEC1B31E811009940A6 /* GameScene.sks in Resources */ = {isa = PBXBuildFile; fileRef = D4B9BCEB1B31E811009940A6 /* GameScene.sks */; };
		D4B9BCEE1B31E811009940A6 /* GameScene.swift in Sources */ = {isa = PBXBuildFile; fileRef = D4B9BCED1B31E811009940A6 /* GameScene.swift */; };
		D4B9BCF01B31E811009940A6 /* GameViewController.swift in Sources */ = {isa = PBXBuildFile; fileRef = D4B9BCEF1B31E811009940A6 /* GameViewController.swift */; };
		D4B9BCF31B31E811009940A6 /* Main.storyboard in Resources */ = {isa = PBXBuildFile; fileRef = D4B9BCF11B31E811009940A6 /* Main.storyboard */; };
		D4B9BCF81B31E811009940A6 /* LaunchScreen.xib in Resources */ = {isa = PBXBuildFile; fileRef = D4B9BCF61B31E811009940A6 /* LaunchScreen.xib */; };
		D4B9BD041B31E811009940A6 /* amoebaProjectTests.swift in Sources */ = {isa = PBXBuildFile; fileRef = D4B9BD031B31E811009940A6 /* amoebaProjectTests.swift */; };
/* End PBXBuildFile section */

/* Begin PBXContainerItemProxy section */
		C0C2F16A1B42D88600234065 /* PBXContainerItemProxy */ = {
			isa = PBXContainerItemProxy;
			containerPortal = D4B9BCDC1B31E811009940A6 /* Project object */;
			proxyType = 1;
			remoteGlobalIDString = C0C2F1671B42D88600234065;
			remoteInfo = "amoebaProject WatchKit App";
		};
		C0C2F1741B42D88600234065 /* PBXContainerItemProxy */ = {
			isa = PBXContainerItemProxy;
			containerPortal = D4B9BCDC1B31E811009940A6 /* Project object */;
			proxyType = 1;
			remoteGlobalIDString = C0C2F1581B42D88600234065;
			remoteInfo = "amoebaProject WatchKit Extension";
		};
		D4B9BCFE1B31E811009940A6 /* PBXContainerItemProxy */ = {
			isa = PBXContainerItemProxy;
			containerPortal = D4B9BCDC1B31E811009940A6 /* Project object */;
			proxyType = 1;
			remoteGlobalIDString = D4B9BCE31B31E811009940A6;
			remoteInfo = amoebaProject;
		};
/* End PBXContainerItemProxy section */

/* Begin PBXCopyFilesBuildPhase section */
		C0C2F17D1B42D88700234065 /* Embed App Extensions */ = {
			isa = PBXCopyFilesBuildPhase;
			buildActionMask = 2147483647;
			dstPath = "";
			dstSubfolderSpec = 13;
			files = (
				C0C2F1761B42D88600234065 /* ChompEm WatchKit Extension.appex in Embed App Extensions */,
			);
			name = "Embed App Extensions";
			runOnlyForDeploymentPostprocessing = 0;
		};
/* End PBXCopyFilesBuildPhase section */

/* Begin PBXFileReference section */
		301E47F51B42F2CB00681A61 /* orange juice.ttf */ = {isa = PBXFileReference; lastKnownFileType = file; path = "orange juice.ttf"; sourceTree = "<group>"; };
		301E47F81B42F73B00681A61 /* cartoon.ttf */ = {isa = PBXFileReference; lastKnownFileType = file; path = cartoon.ttf; sourceTree = "<group>"; };
		30E933251B3C060600DD9D0F /* gulp.m4a */ = {isa = PBXFileReference; lastKnownFileType = file; path = gulp.m4a; sourceTree = "<group>"; };
		90BA191F1B45A69C00D57CB3 /* GameKit.framework */ = {isa = PBXFileReference; lastKnownFileType = wrapper.framework; name = GameKit.framework; path = System/Library/Frameworks/GameKit.framework; sourceTree = SDKROOT; };
		C010ECD11B3CED9C00151101 /* MenuScene.swift */ = {isa = PBXFileReference; fileEncoding = 4; lastKnownFileType = sourcecode.swift; path = MenuScene.swift; sourceTree = "<group>"; };
		C028FE921B3CE454000E37E9 /* GameOverScene.swift */ = {isa = PBXFileReference; fileEncoding = 4; lastKnownFileType = sourcecode.swift; path = GameOverScene.swift; sourceTree = "<group>"; };
		C028FE941B3CE481000E37E9 /* HowToPlayScene.swift */ = {isa = PBXFileReference; fileEncoding = 4; lastKnownFileType = sourcecode.swift; path = HowToPlayScene.swift; sourceTree = "<group>"; };
		C028FE961B3CE4B4000E37E9 /* ScoreScene.swift */ = {isa = PBXFileReference; fileEncoding = 4; lastKnownFileType = sourcecode.swift; path = ScoreScene.swift; sourceTree = "<group>"; };
		C0C2F1591B42D88600234065 /* ChompEm WatchKit Extension.appex */ = {isa = PBXFileReference; explicitFileType = "wrapper.app-extension"; includeInIndex = 0; path = "ChompEm WatchKit Extension.appex"; sourceTree = BUILT_PRODUCTS_DIR; };
		C0C2F15C1B42D88600234065 /* Info.plist */ = {isa = PBXFileReference; lastKnownFileType = text.plist.xml; path = Info.plist; sourceTree = "<group>"; };
		C0C2F15D1B42D88600234065 /* PushNotificationPayload.apns */ = {isa = PBXFileReference; lastKnownFileType = text; path = PushNotificationPayload.apns; sourceTree = "<group>"; };
		C0C2F15E1B42D88600234065 /* InterfaceController.swift */ = {isa = PBXFileReference; lastKnownFileType = sourcecode.swift; path = InterfaceController.swift; sourceTree = "<group>"; };
		C0C2F1601B42D88600234065 /* NotificationController.swift */ = {isa = PBXFileReference; lastKnownFileType = sourcecode.swift; path = NotificationController.swift; sourceTree = "<group>"; };
		C0C2F1621B42D88600234065 /* GlanceController.swift */ = {isa = PBXFileReference; lastKnownFileType = sourcecode.swift; path = GlanceController.swift; sourceTree = "<group>"; };
		C0C2F1641B42D88600234065 /* Images.xcassets */ = {isa = PBXFileReference; lastKnownFileType = folder.assetcatalog; path = Images.xcassets; sourceTree = "<group>"; };
		C0C2F1681B42D88600234065 /* ChompEm WatchKit App.app */ = {isa = PBXFileReference; explicitFileType = wrapper.application; includeInIndex = 0; path = "ChompEm WatchKit App.app"; sourceTree = BUILT_PRODUCTS_DIR; };
		C0C2F16E1B42D88600234065 /* Info.plist */ = {isa = PBXFileReference; lastKnownFileType = text.plist.xml; path = Info.plist; sourceTree = "<group>"; };
		C0C2F1701B42D88600234065 /* Base */ = {isa = PBXFileReference; lastKnownFileType = file.storyboard; name = Base; path = Base.lproj/Interface.storyboard; sourceTree = "<group>"; };
		C0C2F1721B42D88600234065 /* Images.xcassets */ = {isa = PBXFileReference; lastKnownFileType = folder.assetcatalog; path = Images.xcassets; sourceTree = "<group>"; };
		D407E6091B430A4C002EB9AA /* amoebaLaranja.atlas */ = {isa = PBXFileReference; lastKnownFileType = folder.skatlas; path = amoebaLaranja.atlas; sourceTree = "<group>"; };
		D407E60A1B430A4C002EB9AA /* amoebaVerde.atlas */ = {isa = PBXFileReference; lastKnownFileType = folder.skatlas; path = amoebaVerde.atlas; sourceTree = "<group>"; };
		D407E60B1B430A4C002EB9AA /* amoebaVioleta.atlas */ = {isa = PBXFileReference; lastKnownFileType = folder.skatlas; path = amoebaVioleta.atlas; sourceTree = "<group>"; };
		D407E60F1B430DEF002EB9AA /* amoebaLaranjaBoca.atlas */ = {isa = PBXFileReference; lastKnownFileType = folder.skatlas; path = amoebaLaranjaBoca.atlas; sourceTree = "<group>"; };
		D407E6101B430DEF002EB9AA /* amoebaVerdeBoca.atlas */ = {isa = PBXFileReference; lastKnownFileType = folder.skatlas; path = amoebaVerdeBoca.atlas; sourceTree = "<group>"; };
		D407E6111B430DEF002EB9AA /* amoebaVioletaBoca.atlas */ = {isa = PBXFileReference; lastKnownFileType = folder.skatlas; path = amoebaVioletaBoca.atlas; sourceTree = "<group>"; };
		D44BE3141B3873A1000BAA1F /* dubstep.mp3 */ = {isa = PBXFileReference; lastKnownFileType = audio.mp3; path = dubstep.mp3; sourceTree = "<group>"; };
		D44BE3161B39E2A8000BAA1F /* Images.xcassets */ = {isa = PBXFileReference; lastKnownFileType = folder.assetcatalog; name = Images.xcassets; path = ../Images.xcassets; sourceTree = "<group>"; };
		D455F6CB1B3DC7E800A888DD /* amoebaFeiaAmarela.atlas */ = {isa = PBXFileReference; lastKnownFileType = folder.skatlas; path = amoebaFeiaAmarela.atlas; sourceTree = "<group>"; };
		D455F6CC1B3DC7E800A888DD /* amoebaFeiaAzul.atlas */ = {isa = PBXFileReference; lastKnownFileType = folder.skatlas; path = amoebaFeiaAzul.atlas; sourceTree = "<group>"; };
		D455F6CD1B3DC7E800A888DD /* amoebaFeiaVermelha.atlas */ = {isa = PBXFileReference; lastKnownFileType = folder.skatlas; path = amoebaFeiaVermelha.atlas; sourceTree = "<group>"; };
		D4772AB71B444E6B00E184CC /* amoebaLaranjaHit.atlas */ = {isa = PBXFileReference; lastKnownFileType = folder.skatlas; path = amoebaLaranjaHit.atlas; sourceTree = "<group>"; };
		D4772AB81B444E6B00E184CC /* amoebaVerdeHit.atlas */ = {isa = PBXFileReference; lastKnownFileType = folder.skatlas; path = amoebaVerdeHit.atlas; sourceTree = "<group>"; };
		D4772AB91B444E6B00E184CC /* amoebaVioletaHit.atlas */ = {isa = PBXFileReference; lastKnownFileType = folder.skatlas; path = amoebaVioletaHit.atlas; sourceTree = "<group>"; };
		D4B9BCE41B31E811009940A6 /* ChompEm.app */ = {isa = PBXFileReference; explicitFileType = wrapper.application; includeInIndex = 0; path = ChompEm.app; sourceTree = BUILT_PRODUCTS_DIR; };
		D4B9BCE81B31E811009940A6 /* Info.plist */ = {isa = PBXFileReference; lastKnownFileType = text.plist.xml; path = Info.plist; sourceTree = "<group>"; };
		D4B9BCE91B31E811009940A6 /* AppDelegate.swift */ = {isa = PBXFileReference; lastKnownFileType = sourcecode.swift; path = AppDelegate.swift; sourceTree = "<group>"; };
		D4B9BCEB1B31E811009940A6 /* GameScene.sks */ = {isa = PBXFileReference; lastKnownFileType = file.sks; path = GameScene.sks; sourceTree = "<group>"; };
		D4B9BCED1B31E811009940A6 /* GameScene.swift */ = {isa = PBXFileReference; lastKnownFileType = sourcecode.swift; path = GameScene.swift; sourceTree = "<group>"; };
		D4B9BCEF1B31E811009940A6 /* GameViewController.swift */ = {isa = PBXFileReference; lastKnownFileType = sourcecode.swift; path = GameViewController.swift; sourceTree = "<group>"; };
		D4B9BCF21B31E811009940A6 /* Base */ = {isa = PBXFileReference; lastKnownFileType = file.storyboard; name = Base; path = Base.lproj/Main.storyboard; sourceTree = "<group>"; };
		D4B9BCF71B31E811009940A6 /* Base */ = {isa = PBXFileReference; lastKnownFileType = file.xib; name = Base; path = Base.lproj/LaunchScreen.xib; sourceTree = "<group>"; };
		D4B9BCFD1B31E811009940A6 /* ChompEmTests.xctest */ = {isa = PBXFileReference; explicitFileType = wrapper.cfbundle; includeInIndex = 0; path = ChompEmTests.xctest; sourceTree = BUILT_PRODUCTS_DIR; };
		D4B9BD021B31E811009940A6 /* Info.plist */ = {isa = PBXFileReference; lastKnownFileType = text.plist.xml; path = Info.plist; sourceTree = "<group>"; };
		D4B9BD031B31E811009940A6 /* amoebaProjectTests.swift */ = {isa = PBXFileReference; lastKnownFileType = sourcecode.swift; path = amoebaProjectTests.swift; sourceTree = "<group>"; };
/* End PBXFileReference section */

/* Begin PBXFrameworksBuildPhase section */
		C0C2F1561B42D88600234065 /* Frameworks */ = {
			isa = PBXFrameworksBuildPhase;
			buildActionMask = 2147483647;
			files = (
			);
			runOnlyForDeploymentPostprocessing = 0;
		};
		D4B9BCE11B31E811009940A6 /* Frameworks */ = {
			isa = PBXFrameworksBuildPhase;
			buildActionMask = 2147483647;
			files = (
				90BA19201B45A69C00D57CB3 /* GameKit.framework in Frameworks */,
			);
			runOnlyForDeploymentPostprocessing = 0;
		};
		D4B9BCFA1B31E811009940A6 /* Frameworks */ = {
			isa = PBXFrameworksBuildPhase;
			buildActionMask = 2147483647;
			files = (
			);
			runOnlyForDeploymentPostprocessing = 0;
		};
/* End PBXFrameworksBuildPhase section */

/* Begin PBXGroup section */
		C0C2F15A1B42D88600234065 /* amoebaProject WatchKit Extension */ = {
			isa = PBXGroup;
			children = (
				C0C2F15E1B42D88600234065 /* InterfaceController.swift */,
				C0C2F1601B42D88600234065 /* NotificationController.swift */,
				C0C2F1621B42D88600234065 /* GlanceController.swift */,
				C0C2F1641B42D88600234065 /* Images.xcassets */,
				C0C2F15B1B42D88600234065 /* Supporting Files */,
			);
			path = "amoebaProject WatchKit Extension";
			sourceTree = "<group>";
		};
		C0C2F15B1B42D88600234065 /* Supporting Files */ = {
			isa = PBXGroup;
			children = (
				C0C2F15C1B42D88600234065 /* Info.plist */,
				C0C2F15D1B42D88600234065 /* PushNotificationPayload.apns */,
			);
			name = "Supporting Files";
			sourceTree = "<group>";
		};
		C0C2F16C1B42D88600234065 /* amoebaProject WatchKit App */ = {
			isa = PBXGroup;
			children = (
				C0C2F16F1B42D88600234065 /* Interface.storyboard */,
				C0C2F1721B42D88600234065 /* Images.xcassets */,
				C0C2F16D1B42D88600234065 /* Supporting Files */,
			);
			path = "amoebaProject WatchKit App";
			sourceTree = "<group>";
		};
		C0C2F16D1B42D88600234065 /* Supporting Files */ = {
			isa = PBXGroup;
			children = (
				C0C2F16E1B42D88600234065 /* Info.plist */,
			);
			name = "Supporting Files";
			sourceTree = "<group>";
		};
		D44BE3131B3873A1000BAA1F /* Sounds */ = {
			isa = PBXGroup;
			children = (
				30E933251B3C060600DD9D0F /* gulp.m4a */,
				D44BE3141B3873A1000BAA1F /* dubstep.mp3 */,
			);
			path = Sounds;
			sourceTree = "<group>";
		};
		D44BE3181B39E344000BAA1F /* Animations */ = {
			isa = PBXGroup;
			children = (
				D4772AB71B444E6B00E184CC /* amoebaLaranjaHit.atlas */,
				D4772AB81B444E6B00E184CC /* amoebaVerdeHit.atlas */,
				D4772AB91B444E6B00E184CC /* amoebaVioletaHit.atlas */,
				D407E60F1B430DEF002EB9AA /* amoebaLaranjaBoca.atlas */,
				D407E6101B430DEF002EB9AA /* amoebaVerdeBoca.atlas */,
				D407E6111B430DEF002EB9AA /* amoebaVioletaBoca.atlas */,
				D407E6091B430A4C002EB9AA /* amoebaLaranja.atlas */,
				D407E60A1B430A4C002EB9AA /* amoebaVerde.atlas */,
				D407E60B1B430A4C002EB9AA /* amoebaVioleta.atlas */,
				D455F6CB1B3DC7E800A888DD /* amoebaFeiaAmarela.atlas */,
				D455F6CC1B3DC7E800A888DD /* amoebaFeiaAzul.atlas */,
				D455F6CD1B3DC7E800A888DD /* amoebaFeiaVermelha.atlas */,
			);
			name = Animations;
			sourceTree = "<group>";
		};
		D4B9BCDB1B31E811009940A6 = {
			isa = PBXGroup;
			children = (
				90BA191F1B45A69C00D57CB3 /* GameKit.framework */,
				D44BE3181B39E344000BAA1F /* Animations */,
				D44BE3131B3873A1000BAA1F /* Sounds */,
				D4B9BCE61B31E811009940A6 /* amoebaProject */,
				D4B9BD001B31E811009940A6 /* amoebaProjectTests */,
				C0C2F15A1B42D88600234065 /* amoebaProject WatchKit Extension */,
				C0C2F16C1B42D88600234065 /* amoebaProject WatchKit App */,
				D4B9BCE51B31E811009940A6 /* Products */,
			);
			sourceTree = "<group>";
		};
		D4B9BCE51B31E811009940A6 /* Products */ = {
			isa = PBXGroup;
			children = (
				D4B9BCE41B31E811009940A6 /* ChompEm.app */,
				D4B9BCFD1B31E811009940A6 /* ChompEmTests.xctest */,
				C0C2F1591B42D88600234065 /* ChompEm WatchKit Extension.appex */,
				C0C2F1681B42D88600234065 /* ChompEm WatchKit App.app */,
			);
			name = Products;
			sourceTree = "<group>";
		};
		D4B9BCE61B31E811009940A6 /* amoebaProject */ = {
			isa = PBXGroup;
			children = (
				D4B9BCEF1B31E811009940A6 /* GameViewController.swift */,
				C010ECD11B3CED9C00151101 /* MenuScene.swift */,
				D4B9BCE91B31E811009940A6 /* AppDelegate.swift */,
				C028FE921B3CE454000E37E9 /* GameOverScene.swift */,
				D4B9BCEB1B31E811009940A6 /* GameScene.sks */,
				D4B9BCED1B31E811009940A6 /* GameScene.swift */,
				C028FE961B3CE4B4000E37E9 /* ScoreScene.swift */,
				C028FE941B3CE481000E37E9 /* HowToPlayScene.swift */,
				D4B9BCF11B31E811009940A6 /* Main.storyboard */,
				D4B9BCF61B31E811009940A6 /* LaunchScreen.xib */,
				D44BE3161B39E2A8000BAA1F /* Images.xcassets */,
				D4B9BCE71B31E811009940A6 /* Supporting Files */,
			);
			path = amoebaProject;
			sourceTree = "<group>";
		};
		D4B9BCE71B31E811009940A6 /* Supporting Files */ = {
			isa = PBXGroup;
			children = (
				301E47F81B42F73B00681A61 /* cartoon.ttf */,
				D4B9BCE81B31E811009940A6 /* Info.plist */,
			);
			name = "Supporting Files";
			sourceTree = "<group>";
		};
		D4B9BD001B31E811009940A6 /* amoebaProjectTests */ = {
			isa = PBXGroup;
			children = (
				D4B9BD031B31E811009940A6 /* amoebaProjectTests.swift */,
				D4B9BD011B31E811009940A6 /* Supporting Files */,
			);
			path = amoebaProjectTests;
			sourceTree = "<group>";
		};
		D4B9BD011B31E811009940A6 /* Supporting Files */ = {
			isa = PBXGroup;
			children = (
				301E47F51B42F2CB00681A61 /* orange juice.ttf */,
				D4B9BD021B31E811009940A6 /* Info.plist */,
			);
			name = "Supporting Files";
			sourceTree = "<group>";
		};
/* End PBXGroup section */

/* Begin PBXNativeTarget section */
		C0C2F1581B42D88600234065 /* ChompEm WatchKit Extension */ = {
			isa = PBXNativeTarget;
			buildConfigurationList = C0C2F17C1B42D88700234065 /* Build configuration list for PBXNativeTarget "ChompEm WatchKit Extension" */;
			buildPhases = (
				C0C2F1551B42D88600234065 /* Sources */,
				C0C2F1561B42D88600234065 /* Frameworks */,
				C0C2F1571B42D88600234065 /* Resources */,
			);
			buildRules = (
			);
			dependencies = (
				C0C2F16B1B42D88600234065 /* PBXTargetDependency */,
			);
			name = "ChompEm WatchKit Extension";
			productName = "amoebaProject WatchKit Extension";
			productReference = C0C2F1591B42D88600234065 /* ChompEm WatchKit Extension.appex */;
			productType = "com.apple.product-type.watchkit-extension";
		};
		C0C2F1671B42D88600234065 /* ChompEm WatchKit App */ = {
			isa = PBXNativeTarget;
			buildConfigurationList = C0C2F17B1B42D88700234065 /* Build configuration list for PBXNativeTarget "ChompEm WatchKit App" */;
			buildPhases = (
				C0C2F1661B42D88600234065 /* Resources */,
			);
			buildRules = (
			);
			dependencies = (
			);
			name = "ChompEm WatchKit App";
			productName = "amoebaProject WatchKit App";
			productReference = C0C2F1681B42D88600234065 /* ChompEm WatchKit App.app */;
			productType = "com.apple.product-type.application.watchapp";
		};
		D4B9BCE31B31E811009940A6 /* ChompEm */ = {
			isa = PBXNativeTarget;
			buildConfigurationList = D4B9BD071B31E811009940A6 /* Build configuration list for PBXNativeTarget "ChompEm" */;
			buildPhases = (
				D4B9BCE01B31E811009940A6 /* Sources */,
				D4B9BCE11B31E811009940A6 /* Frameworks */,
				D4B9BCE21B31E811009940A6 /* Resources */,
				C0C2F17D1B42D88700234065 /* Embed App Extensions */,
			);
			buildRules = (
			);
			dependencies = (
				C0C2F1751B42D88600234065 /* PBXTargetDependency */,
			);
			name = ChompEm;
			productName = amoebaProject;
			productReference = D4B9BCE41B31E811009940A6 /* ChompEm.app */;
			productType = "com.apple.product-type.application";
		};
		D4B9BCFC1B31E811009940A6 /* ChompEmTests */ = {
			isa = PBXNativeTarget;
			buildConfigurationList = D4B9BD0A1B31E811009940A6 /* Build configuration list for PBXNativeTarget "ChompEmTests" */;
			buildPhases = (
				D4B9BCF91B31E811009940A6 /* Sources */,
				D4B9BCFA1B31E811009940A6 /* Frameworks */,
				D4B9BCFB1B31E811009940A6 /* Resources */,
			);
			buildRules = (
			);
			dependencies = (
				D4B9BCFF1B31E811009940A6 /* PBXTargetDependency */,
			);
			name = ChompEmTests;
			productName = amoebaProjectTests;
			productReference = D4B9BCFD1B31E811009940A6 /* ChompEmTests.xctest */;
			productType = "com.apple.product-type.bundle.unit-test";
		};
/* End PBXNativeTarget section */

/* Begin PBXProject section */
		D4B9BCDC1B31E811009940A6 /* Project object */ = {
			isa = PBXProject;
			attributes = {
				LastUpgradeCheck = 0630;
				ORGANIZATIONNAME = "Paulo Ricardo Ramos da Rosa";
				TargetAttributes = {
					C0C2F1581B42D88600234065 = {
						CreatedOnToolsVersion = 6.3.2;
					};
					C0C2F1671B42D88600234065 = {
						CreatedOnToolsVersion = 6.3.2;
						DevelopmentTeam = 9468LRW88W;
					};
					D4B9BCE31B31E811009940A6 = {
						CreatedOnToolsVersion = 6.3.2;
						SystemCapabilities = {
							com.apple.GameCenter = {
								enabled = 1;
							};
						};
					};
					D4B9BCFC1B31E811009940A6 = {
						CreatedOnToolsVersion = 6.3.2;
						TestTargetID = D4B9BCE31B31E811009940A6;
					};
				};
			};
			buildConfigurationList = D4B9BCDF1B31E811009940A6 /* Build configuration list for PBXProject "ChompEm" */;
			compatibilityVersion = "Xcode 3.2";
			developmentRegion = English;
			hasScannedForEncodings = 0;
			knownRegions = (
				en,
				Base,
			);
			mainGroup = D4B9BCDB1B31E811009940A6;
			productRefGroup = D4B9BCE51B31E811009940A6 /* Products */;
			projectDirPath = "";
			projectRoot = "";
			targets = (
				D4B9BCE31B31E811009940A6 /* ChompEm */,
				D4B9BCFC1B31E811009940A6 /* ChompEmTests */,
				C0C2F1581B42D88600234065 /* ChompEm WatchKit Extension */,
				C0C2F1671B42D88600234065 /* ChompEm WatchKit App */,
			);
		};
/* End PBXProject section */

/* Begin PBXResourcesBuildPhase section */
		C0C2F1571B42D88600234065 /* Resources */ = {
			isa = PBXResourcesBuildPhase;
			buildActionMask = 2147483647;
			files = (
				90BA191C1B45958800D57CB3 /* Images.xcassets in Resources */,
				C0C2F1651B42D88600234065 /* Images.xcassets in Resources */,
				C0C2F1691B42D88600234065 /* ChompEm WatchKit App.app in Resources */,
			);
			runOnlyForDeploymentPostprocessing = 0;
		};
		C0C2F1661B42D88600234065 /* Resources */ = {
			isa = PBXResourcesBuildPhase;
			buildActionMask = 2147483647;
			files = (
				90BA191D1B45958A00D57CB3 /* Images.xcassets in Resources */,
				C0C2F1711B42D88600234065 /* Interface.storyboard in Resources */,
				C0C2F1731B42D88600234065 /* Images.xcassets in Resources */,
			);
			runOnlyForDeploymentPostprocessing = 0;
		};
		D4B9BCE21B31E811009940A6 /* Resources */ = {
			isa = PBXResourcesBuildPhase;
			buildActionMask = 2147483647;
			files = (
				D4772ABC1B444E6B00E184CC /* amoebaVioletaHit.atlas in Resources */,
				D407E6131B430DEF002EB9AA /* amoebaVerdeBoca.atlas in Resources */,
				30E933261B3C060600DD9D0F /* gulp.m4a in Resources */,
				D4B9BCF81B31E811009940A6 /* LaunchScreen.xib in Resources */,
				D44BE3171B39E2A8000BAA1F /* Images.xcassets in Resources */,
				D407E60E1B430A4C002EB9AA /* amoebaVioleta.atlas in Resources */,
				D4772ABB1B444E6B00E184CC /* amoebaVerdeHit.atlas in Resources */,
				D407E6121B430DEF002EB9AA /* amoebaLaranjaBoca.atlas in Resources */,
				D44BE3151B3873A1000BAA1F /* dubstep.mp3 in Resources */,
				D4772ABA1B444E6B00E184CC /* amoebaLaranjaHit.atlas in Resources */,
				D4B9BCEC1B31E811009940A6 /* GameScene.sks in Resources */,
				301E47F91B42F73B00681A61 /* cartoon.ttf in Resources */,
				D455F6D01B3DC7E800A888DD /* amoebaFeiaVermelha.atlas in Resources */,
				D407E60C1B430A4C002EB9AA /* amoebaLaranja.atlas in Resources */,
				D407E60D1B430A4C002EB9AA /* amoebaVerde.atlas in Resources */,
				D407E6141B430DEF002EB9AA /* amoebaVioletaBoca.atlas in Resources */,
				D455F6CF1B3DC7E800A888DD /* amoebaFeiaAzul.atlas in Resources */,
				D455F6CE1B3DC7E800A888DD /* amoebaFeiaAmarela.atlas in Resources */,
				D4B9BCF31B31E811009940A6 /* Main.storyboard in Resources */,
			);
			runOnlyForDeploymentPostprocessing = 0;
		};
		D4B9BCFB1B31E811009940A6 /* Resources */ = {
			isa = PBXResourcesBuildPhase;
			buildActionMask = 2147483647;
			files = (
			);
			runOnlyForDeploymentPostprocessing = 0;
		};
/* End PBXResourcesBuildPhase section */

/* Begin PBXSourcesBuildPhase section */
		C0C2F1551B42D88600234065 /* Sources */ = {
			isa = PBXSourcesBuildPhase;
			buildActionMask = 2147483647;
			files = (
				C0C2F1611B42D88600234065 /* NotificationController.swift in Sources */,
				C0C2F15F1B42D88600234065 /* InterfaceController.swift in Sources */,
				C0C2F1631B42D88600234065 /* GlanceController.swift in Sources */,
			);
			runOnlyForDeploymentPostprocessing = 0;
		};
		D4B9BCE01B31E811009940A6 /* Sources */ = {
			isa = PBXSourcesBuildPhase;
			buildActionMask = 2147483647;
			files = (
				C028FE931B3CE454000E37E9 /* GameOverScene.swift in Sources */,
				C028FE971B3CE4B4000E37E9 /* ScoreScene.swift in Sources */,
				D4B9BCEE1B31E811009940A6 /* GameScene.swift in Sources */,
				C010ECD21B3CED9C00151101 /* MenuScene.swift in Sources */,
				D4B9BCF01B31E811009940A6 /* GameViewController.swift in Sources */,
				C028FE951B3CE481000E37E9 /* HowToPlayScene.swift in Sources */,
				D4B9BCEA1B31E811009940A6 /* AppDelegate.swift in Sources */,
			);
			runOnlyForDeploymentPostprocessing = 0;
		};
		D4B9BCF91B31E811009940A6 /* Sources */ = {
			isa = PBXSourcesBuildPhase;
			buildActionMask = 2147483647;
			files = (
				D4B9BD041B31E811009940A6 /* amoebaProjectTests.swift in Sources */,
			);
			runOnlyForDeploymentPostprocessing = 0;
		};
/* End PBXSourcesBuildPhase section */

/* Begin PBXTargetDependency section */
		C0C2F16B1B42D88600234065 /* PBXTargetDependency */ = {
			isa = PBXTargetDependency;
			target = C0C2F1671B42D88600234065 /* ChompEm WatchKit App */;
			targetProxy = C0C2F16A1B42D88600234065 /* PBXContainerItemProxy */;
		};
		C0C2F1751B42D88600234065 /* PBXTargetDependency */ = {
			isa = PBXTargetDependency;
			target = C0C2F1581B42D88600234065 /* ChompEm WatchKit Extension */;
			targetProxy = C0C2F1741B42D88600234065 /* PBXContainerItemProxy */;
		};
		D4B9BCFF1B31E811009940A6 /* PBXTargetDependency */ = {
			isa = PBXTargetDependency;
			target = D4B9BCE31B31E811009940A6 /* ChompEm */;
			targetProxy = D4B9BCFE1B31E811009940A6 /* PBXContainerItemProxy */;
		};
/* End PBXTargetDependency section */

/* Begin PBXVariantGroup section */
		C0C2F16F1B42D88600234065 /* Interface.storyboard */ = {
			isa = PBXVariantGroup;
			children = (
				C0C2F1701B42D88600234065 /* Base */,
			);
			name = Interface.storyboard;
			sourceTree = "<group>";
		};
		D4B9BCF11B31E811009940A6 /* Main.storyboard */ = {
			isa = PBXVariantGroup;
			children = (
				D4B9BCF21B31E811009940A6 /* Base */,
			);
			name = Main.storyboard;
			sourceTree = "<group>";
		};
		D4B9BCF61B31E811009940A6 /* LaunchScreen.xib */ = {
			isa = PBXVariantGroup;
			children = (
				D4B9BCF71B31E811009940A6 /* Base */,
			);
			name = LaunchScreen.xib;
			sourceTree = "<group>";
		};
/* End PBXVariantGroup section */

/* Begin XCBuildConfiguration section */
		C0C2F1771B42D88700234065 /* Debug */ = {
			isa = XCBuildConfiguration;
			buildSettings = {
				CODE_SIGN_IDENTITY = "iPhone Developer";
				"CODE_SIGN_IDENTITY[sdk=iphoneos*]" = "iPhone Developer";
				GCC_PREPROCESSOR_DEFINITIONS = (
					"DEBUG=1",
					"$(inherited)",
				);
				INFOPLIST_FILE = "amoebaProject WatchKit Extension/Info.plist";
				LD_RUNPATH_SEARCH_PATHS = "$(inherited) @executable_path/Frameworks @executable_path/../../Frameworks";
				PRODUCT_NAME = "ChompEm WatchKit Extension";
				SKIP_INSTALL = YES;
			};
			name = Debug;
		};
		C0C2F1781B42D88700234065 /* Release */ = {
			isa = XCBuildConfiguration;
			buildSettings = {
				CODE_SIGN_IDENTITY = "iPhone Developer";
				"CODE_SIGN_IDENTITY[sdk=iphoneos*]" = "iPhone Developer";
				INFOPLIST_FILE = "amoebaProject WatchKit Extension/Info.plist";
				LD_RUNPATH_SEARCH_PATHS = "$(inherited) @executable_path/Frameworks @executable_path/../../Frameworks";
				PRODUCT_NAME = "ChompEm WatchKit Extension";
				SKIP_INSTALL = YES;
			};
			name = Release;
		};
		C0C2F1791B42D88700234065 /* Debug */ = {
			isa = XCBuildConfiguration;
			buildSettings = {
				ASSETCATALOG_COMPILER_APPICON_NAME = AppIcon;
				CODE_SIGN_IDENTITY = "iPhone Developer";
				"CODE_SIGN_IDENTITY[sdk=iphoneos*]" = "iPhone Developer";
				GCC_PREPROCESSOR_DEFINITIONS = (
					"DEBUG=1",
					"$(inherited)",
				);
				IBSC_MODULE = amoebaProject_WatchKit_Extension;
				INFOPLIST_FILE = "amoebaProject WatchKit App/Info.plist";
				IPHONEOS_DEPLOYMENT_TARGET = 8.2;
				PRODUCT_NAME = "ChompEm WatchKit App";
				PROVISIONING_PROFILE = "";
				SKIP_INSTALL = YES;
				TARGETED_DEVICE_FAMILY = 4;
				"TARGETED_DEVICE_FAMILY[sdk=iphonesimulator*]" = "1,4";
			};
			name = Debug;
		};
		C0C2F17A1B42D88700234065 /* Release */ = {
			isa = XCBuildConfiguration;
			buildSettings = {
				ASSETCATALOG_COMPILER_APPICON_NAME = AppIcon;
				CODE_SIGN_IDENTITY = "iPhone Developer";
				"CODE_SIGN_IDENTITY[sdk=iphoneos*]" = "iPhone Developer";
				IBSC_MODULE = amoebaProject_WatchKit_Extension;
				INFOPLIST_FILE = "amoebaProject WatchKit App/Info.plist";
				IPHONEOS_DEPLOYMENT_TARGET = 8.2;
				PRODUCT_NAME = "ChompEm WatchKit App";
				PROVISIONING_PROFILE = "";
				SKIP_INSTALL = YES;
				TARGETED_DEVICE_FAMILY = 4;
				"TARGETED_DEVICE_FAMILY[sdk=iphonesimulator*]" = "1,4";
			};
			name = Release;
		};
		D4B9BD051B31E811009940A6 /* Debug */ = {
			isa = XCBuildConfiguration;
			buildSettings = {
				ALWAYS_SEARCH_USER_PATHS = NO;
				CLANG_CXX_LANGUAGE_STANDARD = "gnu++0x";
				CLANG_CXX_LIBRARY = "libc++";
				CLANG_ENABLE_MODULES = YES;
				CLANG_ENABLE_OBJC_ARC = YES;
				CLANG_WARN_BOOL_CONVERSION = YES;
				CLANG_WARN_CONSTANT_CONVERSION = YES;
				CLANG_WARN_DIRECT_OBJC_ISA_USAGE = YES_ERROR;
				CLANG_WARN_EMPTY_BODY = YES;
				CLANG_WARN_ENUM_CONVERSION = YES;
				CLANG_WARN_INT_CONVERSION = YES;
				CLANG_WARN_OBJC_ROOT_CLASS = YES_ERROR;
				CLANG_WARN_UNREACHABLE_CODE = YES;
				CLANG_WARN__DUPLICATE_METHOD_MATCH = YES;
				"CODE_SIGN_IDENTITY[sdk=iphoneos*]" = "iPhone Developer";
				COPY_PHASE_STRIP = NO;
				DEBUG_INFORMATION_FORMAT = "dwarf-with-dsym";
				ENABLE_STRICT_OBJC_MSGSEND = YES;
				GCC_C_LANGUAGE_STANDARD = gnu99;
				GCC_DYNAMIC_NO_PIC = NO;
				GCC_NO_COMMON_BLOCKS = YES;
				GCC_OPTIMIZATION_LEVEL = 0;
				GCC_PREPROCESSOR_DEFINITIONS = (
					"DEBUG=1",
					"$(inherited)",
				);
				GCC_SYMBOLS_PRIVATE_EXTERN = NO;
				GCC_WARN_64_TO_32_BIT_CONVERSION = YES;
				GCC_WARN_ABOUT_RETURN_TYPE = YES_ERROR;
				GCC_WARN_UNDECLARED_SELECTOR = YES;
				GCC_WARN_UNINITIALIZED_AUTOS = YES_AGGRESSIVE;
				GCC_WARN_UNUSED_FUNCTION = YES;
				GCC_WARN_UNUSED_VARIABLE = YES;
				IPHONEOS_DEPLOYMENT_TARGET = 8.3;
				MTL_ENABLE_DEBUG_INFO = YES;
				ONLY_ACTIVE_ARCH = YES;
				SDKROOT = iphoneos;
				SWIFT_OPTIMIZATION_LEVEL = "-Onone";
				TARGETED_DEVICE_FAMILY = "1,2";
			};
			name = Debug;
		};
		D4B9BD061B31E811009940A6 /* Release */ = {
			isa = XCBuildConfiguration;
			buildSettings = {
				ALWAYS_SEARCH_USER_PATHS = NO;
				CLANG_CXX_LANGUAGE_STANDARD = "gnu++0x";
				CLANG_CXX_LIBRARY = "libc++";
				CLANG_ENABLE_MODULES = YES;
				CLANG_ENABLE_OBJC_ARC = YES;
				CLANG_WARN_BOOL_CONVERSION = YES;
				CLANG_WARN_CONSTANT_CONVERSION = YES;
				CLANG_WARN_DIRECT_OBJC_ISA_USAGE = YES_ERROR;
				CLANG_WARN_EMPTY_BODY = YES;
				CLANG_WARN_ENUM_CONVERSION = YES;
				CLANG_WARN_INT_CONVERSION = YES;
				CLANG_WARN_OBJC_ROOT_CLASS = YES_ERROR;
				CLANG_WARN_UNREACHABLE_CODE = YES;
				CLANG_WARN__DUPLICATE_METHOD_MATCH = YES;
				"CODE_SIGN_IDENTITY[sdk=iphoneos*]" = "iPhone Developer";
				COPY_PHASE_STRIP = NO;
				DEBUG_INFORMATION_FORMAT = "dwarf-with-dsym";
				ENABLE_NS_ASSERTIONS = NO;
				ENABLE_STRICT_OBJC_MSGSEND = YES;
				GCC_C_LANGUAGE_STANDARD = gnu99;
				GCC_NO_COMMON_BLOCKS = YES;
				GCC_WARN_64_TO_32_BIT_CONVERSION = YES;
				GCC_WARN_ABOUT_RETURN_TYPE = YES_ERROR;
				GCC_WARN_UNDECLARED_SELECTOR = YES;
				GCC_WARN_UNINITIALIZED_AUTOS = YES_AGGRESSIVE;
				GCC_WARN_UNUSED_FUNCTION = YES;
				GCC_WARN_UNUSED_VARIABLE = YES;
				IPHONEOS_DEPLOYMENT_TARGET = 8.3;
				MTL_ENABLE_DEBUG_INFO = NO;
				SDKROOT = iphoneos;
				TARGETED_DEVICE_FAMILY = "1,2";
				VALIDATE_PRODUCT = YES;
			};
			name = Release;
		};
		D4B9BD081B31E811009940A6 /* Debug */ = {
			isa = XCBuildConfiguration;
			buildSettings = {
				ASSETCATALOG_COMPILER_APPICON_NAME = AppIcon;
				CODE_SIGN_IDENTITY = "iPhone Developer";
				"CODE_SIGN_IDENTITY[sdk=iphoneos*]" = "iPhone Developer";
				INFOPLIST_FILE = amoebaProject/Info.plist;
				IPHONEOS_DEPLOYMENT_TARGET = 8.3;
				LD_RUNPATH_SEARCH_PATHS = "$(inherited) @executable_path/Frameworks";
				PRODUCT_NAME = ChompEm;
				PROVISIONING_PROFILE = "";
				TARGETED_DEVICE_FAMILY = "1,2";
			};
			name = Debug;
		};
		D4B9BD091B31E811009940A6 /* Release */ = {
			isa = XCBuildConfiguration;
			buildSettings = {
				ASSETCATALOG_COMPILER_APPICON_NAME = AppIcon;
				CODE_SIGN_IDENTITY = "iPhone Developer";
				"CODE_SIGN_IDENTITY[sdk=iphoneos*]" = "iPhone Developer";
				INFOPLIST_FILE = amoebaProject/Info.plist;
				IPHONEOS_DEPLOYMENT_TARGET = 8.3;
				LD_RUNPATH_SEARCH_PATHS = "$(inherited) @executable_path/Frameworks";
				PRODUCT_NAME = ChompEm;
				PROVISIONING_PROFILE = "";
				TARGETED_DEVICE_FAMILY = "1,2";
			};
			name = Release;
		};
		D4B9BD0B1B31E811009940A6 /* Debug */ = {
			isa = XCBuildConfiguration;
			buildSettings = {
				BUNDLE_LOADER = "$(TEST_HOST)";
				FRAMEWORK_SEARCH_PATHS = (
					"$(SDKROOT)/Developer/Library/Frameworks",
					"$(inherited)",
				);
				GCC_PREPROCESSOR_DEFINITIONS = (
					"DEBUG=1",
					"$(inherited)",
				);
				INFOPLIST_FILE = amoebaProjectTests/Info.plist;
				LD_RUNPATH_SEARCH_PATHS = "$(inherited) @executable_path/Frameworks @loader_path/Frameworks";
				PRODUCT_NAME = ChompEmTests;
				TEST_HOST = "$(BUILT_PRODUCTS_DIR)/amoebaProject.app/amoebaProject";
			};
			name = Debug;
		};
		D4B9BD0C1B31E811009940A6 /* Release */ = {
			isa = XCBuildConfiguration;
			buildSettings = {
				BUNDLE_LOADER = "$(TEST_HOST)";
				FRAMEWORK_SEARCH_PATHS = (
					"$(SDKROOT)/Developer/Library/Frameworks",
					"$(inherited)",
				);
				INFOPLIST_FILE = amoebaProjectTests/Info.plist;
				LD_RUNPATH_SEARCH_PATHS = "$(inherited) @executable_path/Frameworks @loader_path/Frameworks";
				PRODUCT_NAME = ChompEmTests;
				TEST_HOST = "$(BUILT_PRODUCTS_DIR)/amoebaProject.app/amoebaProject";
			};
			name = Release;
		};
/* End XCBuildConfiguration section */

/* Begin XCConfigurationList section */
		C0C2F17B1B42D88700234065 /* Build configuration list for PBXNativeTarget "ChompEm WatchKit App" */ = {
			isa = XCConfigurationList;
			buildConfigurations = (
				C0C2F1791B42D88700234065 /* Debug */,
				C0C2F17A1B42D88700234065 /* Release */,
			);
			defaultConfigurationIsVisible = 0;
			defaultConfigurationName = Release;
		};
		C0C2F17C1B42D88700234065 /* Build configuration list for PBXNativeTarget "ChompEm WatchKit Extension" */ = {
			isa = XCConfigurationList;
			buildConfigurations = (
				C0C2F1771B42D88700234065 /* Debug */,
				C0C2F1781B42D88700234065 /* Release */,
			);
			defaultConfigurationIsVisible = 0;
			defaultConfigurationName = Release;
		};
		D4B9BCDF1B31E811009940A6 /* Build configuration list for PBXProject "ChompEm" */ = {
			isa = XCConfigurationList;
			buildConfigurations = (
				D4B9BD051B31E811009940A6 /* Debug */,
				D4B9BD061B31E811009940A6 /* Release */,
			);
			defaultConfigurationIsVisible = 0;
			defaultConfigurationName = Release;
		};
		D4B9BD071B31E811009940A6 /* Build configuration list for PBXNativeTarget "ChompEm" */ = {
			isa = XCConfigurationList;
			buildConfigurations = (
				D4B9BD081B31E811009940A6 /* Debug */,
				D4B9BD091B31E811009940A6 /* Release */,
			);
			defaultConfigurationIsVisible = 0;
			defaultConfigurationName = Release;
		};
		D4B9BD0A1B31E811009940A6 /* Build configuration list for PBXNativeTarget "ChompEmTests" */ = {
			isa = XCConfigurationList;
			buildConfigurations = (
				D4B9BD0B1B31E811009940A6 /* Debug */,
				D4B9BD0C1B31E811009940A6 /* Release */,
			);
			defaultConfigurationIsVisible = 0;
			defaultConfigurationName = Release;
		};
/* End XCConfigurationList section */
	};
	rootObject = D4B9BCDC1B31E811009940A6 /* Project object */;
}
